
Microsoft Visual Studio Solution File, Format Version 12.00
# Visual Studio Version 17
VisualStudioVersion = 17.6.33829.357
MinimumVisualStudioVersion = 10.0.40219.1
Project("{9A19103F-16F7-4668-BE54-9A1E7A4F7556}") = "TestApp", "TestApp\TestApp.csproj", "{540BA7C4-DD9D-42A5-925B-7346D4FDF64C}"
EndProject
Project("{2150E333-8FDC-42A3-9474-1A3956D46DE8}") = "Framework", "Framework", "{9B195C7D-8F2C-4A15-BE59-EFDE97226728}"
EndProject
Project("{8BC9CEB8-8B4A-11D0-8D11-00A0C91BC942}") = "EngineGL", "EngineGL\EngineGL.vcxproj", "{74D6986D-A956-41CE-B234-17785DFC3A58}"
EndProject
Project("{9A19103F-16F7-4668-BE54-9A1E7A4F7556}") = "MathS", "..\..\MathS\NumericsIntegrated\MathS\MathS.csproj", "{86647310-2DE2-4342-A4D3-BE459B376B6A}"
EndProject
Project("{9A19103F-16F7-4668-BE54-9A1E7A4F7556}") = "Crayon", "CrayonFramework\Crayon.csproj", "{E12A4772-DA68-4F82-B3FD-8F110869EFA3}"
EndProject
Global
	GlobalSection(SolutionConfigurationPlatforms) = preSolution
		Debug|Any CPU = Debug|Any CPU
		Debug|ARM = Debug|ARM
		Debug|ARM64 = Debug|ARM64
		Debug|x64 = Debug|x64
		Debug|x86 = Debug|x86
		Release|Any CPU = Release|Any CPU
		Release|ARM = Release|ARM
		Release|ARM64 = Release|ARM64
		Release|x64 = Release|x64
		Release|x86 = Release|x86
	EndGlobalSection
	GlobalSection(ProjectConfigurationPlatforms) = postSolution
		{540BA7C4-DD9D-42A5-925B-7346D4FDF64C}.Debug|Any CPU.ActiveCfg = Debug|Any CPU
		{540BA7C4-DD9D-42A5-925B-7346D4FDF64C}.Debug|Any CPU.Build.0 = Debug|Any CPU
		{540BA7C4-DD9D-42A5-925B-7346D4FDF64C}.Debug|ARM.ActiveCfg = Debug|Any CPU
		{540BA7C4-DD9D-42A5-925B-7346D4FDF64C}.Debug|ARM.Build.0 = Debug|Any CPU
		{540BA7C4-DD9D-42A5-925B-7346D4FDF64C}.Debug|ARM64.ActiveCfg = Debug|Any CPU
		{540BA7C4-DD9D-42A5-925B-7346D4FDF64C}.Debug|ARM64.Build.0 = Debug|Any CPU
		{540BA7C4-DD9D-42A5-925B-7346D4FDF64C}.Debug|x64.ActiveCfg = Debug|Any CPU
		{540BA7C4-DD9D-42A5-925B-7346D4FDF64C}.Debug|x64.Build.0 = Debug|Any CPU
		{540BA7C4-DD9D-42A5-925B-7346D4FDF64C}.Debug|x86.ActiveCfg = Debug|Any CPU
		{540BA7C4-DD9D-42A5-925B-7346D4FDF64C}.Debug|x86.Build.0 = Debug|Any CPU
		{540BA7C4-DD9D-42A5-925B-7346D4FDF64C}.Release|Any CPU.ActiveCfg = Release|Any CPU
		{540BA7C4-DD9D-42A5-925B-7346D4FDF64C}.Release|Any CPU.Build.0 = Release|Any CPU
		{540BA7C4-DD9D-42A5-925B-7346D4FDF64C}.Release|ARM.ActiveCfg = Release|Any CPU
		{540BA7C4-DD9D-42A5-925B-7346D4FDF64C}.Release|ARM.Build.0 = Release|Any CPU
		{540BA7C4-DD9D-42A5-925B-7346D4FDF64C}.Release|ARM64.ActiveCfg = Release|Any CPU
		{540BA7C4-DD9D-42A5-925B-7346D4FDF64C}.Release|ARM64.Build.0 = Release|Any CPU
		{540BA7C4-DD9D-42A5-925B-7346D4FDF64C}.Release|x64.ActiveCfg = Release|Any CPU
		{540BA7C4-DD9D-42A5-925B-7346D4FDF64C}.Release|x64.Build.0 = Release|Any CPU
		{540BA7C4-DD9D-42A5-925B-7346D4FDF64C}.Release|x86.ActiveCfg = Release|Any CPU
		{540BA7C4-DD9D-42A5-925B-7346D4FDF64C}.Release|x86.Build.0 = Release|Any CPU
		{74D6986D-A956-41CE-B234-17785DFC3A58}.Debug|Any CPU.ActiveCfg = Debug|x64
		{74D6986D-A956-41CE-B234-17785DFC3A58}.Debug|Any CPU.Build.0 = Debug|x64
		{74D6986D-A956-41CE-B234-17785DFC3A58}.Debug|ARM.ActiveCfg = Debug|x64
		{74D6986D-A956-41CE-B234-17785DFC3A58}.Debug|ARM.Build.0 = Debug|x64
		{74D6986D-A956-41CE-B234-17785DFC3A58}.Debug|ARM64.ActiveCfg = Debug|x64
		{74D6986D-A956-41CE-B234-17785DFC3A58}.Debug|ARM64.Build.0 = Debug|x64
		{74D6986D-A956-41CE-B234-17785DFC3A58}.Debug|x64.ActiveCfg = Debug|x64
		{74D6986D-A956-41CE-B234-17785DFC3A58}.Debug|x64.Build.0 = Debug|x64
		{74D6986D-A956-41CE-B234-17785DFC3A58}.Debug|x86.ActiveCfg = Debug|Win32
		{74D6986D-A956-41CE-B234-17785DFC3A58}.Debug|x86.Build.0 = Debug|Win32
		{74D6986D-A956-41CE-B234-17785DFC3A58}.Release|Any CPU.ActiveCfg = Release|x64
		{74D6986D-A956-41CE-B234-17785DFC3A58}.Release|Any CPU.Build.0 = Release|x64
		{74D6986D-A956-41CE-B234-17785DFC3A58}.Release|ARM.ActiveCfg = Release|x64
		{74D6986D-A956-41CE-B234-17785DFC3A58}.Release|ARM.Build.0 = Release|x64
		{74D6986D-A956-41CE-B234-17785DFC3A58}.Release|ARM64.ActiveCfg = Release|x64
		{74D6986D-A956-41CE-B234-17785DFC3A58}.Release|ARM64.Build.0 = Release|x64
		{74D6986D-A956-41CE-B234-17785DFC3A58}.Release|x64.ActiveCfg = Release|x64
		{74D6986D-A956-41CE-B234-17785DFC3A58}.Release|x64.Build.0 = Release|x64
		{74D6986D-A956-41CE-B234-17785DFC3A58}.Release|x86.ActiveCfg = Release|Win32
		{74D6986D-A956-41CE-B234-17785DFC3A58}.Release|x86.Build.0 = Release|Win32
		{86647310-2DE2-4342-A4D3-BE459B376B6A}.Debug|Any CPU.ActiveCfg = Debug|Any CPU
		{86647310-2DE2-4342-A4D3-BE459B376B6A}.Debug|Any CPU.Build.0 = Debug|Any CPU
		{86647310-2DE2-4342-A4D3-BE459B376B6A}.Debug|ARM.ActiveCfg = Debug|Any CPU
		{86647310-2DE2-4342-A4D3-BE459B376B6A}.Debug|ARM.Build.0 = Debug|Any CPU
		{86647310-2DE2-4342-A4D3-BE459B376B6A}.Debug|ARM64.ActiveCfg = Debug|Any CPU
		{86647310-2DE2-4342-A4D3-BE459B376B6A}.Debug|ARM64.Build.0 = Debug|Any CPU
		{86647310-2DE2-4342-A4D3-BE459B376B6A}.Debug|x64.ActiveCfg = Debug|Any CPU
		{86647310-2DE2-4342-A4D3-BE459B376B6A}.Debug|x64.Build.0 = Debug|Any CPU
		{86647310-2DE2-4342-A4D3-BE459B376B6A}.Debug|x86.ActiveCfg = Debug|Any CPU
		{86647310-2DE2-4342-A4D3-BE459B376B6A}.Debug|x86.Build.0 = Debug|Any CPU
		{86647310-2DE2-4342-A4D3-BE459B376B6A}.Release|Any CPU.ActiveCfg = Release|Any CPU
		{86647310-2DE2-4342-A4D3-BE459B376B6A}.Release|Any CPU.Build.0 = Release|Any CPU
		{86647310-2DE2-4342-A4D3-BE459B376B6A}.Release|ARM.ActiveCfg = Release|Any CPU
		{86647310-2DE2-4342-A4D3-BE459B376B6A}.Release|ARM.Build.0 = Release|Any CPU
		{86647310-2DE2-4342-A4D3-BE459B376B6A}.Release|ARM64.ActiveCfg = Release|Any CPU
		{86647310-2DE2-4342-A4D3-BE459B376B6A}.Release|ARM64.Build.0 = Release|Any CPU
		{86647310-2DE2-4342-A4D3-BE459B376B6A}.Release|x64.ActiveCfg = Release|Any CPU
		{86647310-2DE2-4342-A4D3-BE459B376B6A}.Release|x64.Build.0 = Release|Any CPU
		{86647310-2DE2-4342-A4D3-BE459B376B6A}.Release|x86.ActiveCfg = Release|Any CPU
		{86647310-2DE2-4342-A4D3-BE459B376B6A}.Release|x86.Build.0 = Release|Any CPU
		{E12A4772-DA68-4F82-B3FD-8F110869EFA3}.Debug|Any CPU.ActiveCfg = Debug|Any CPU
		{E12A4772-DA68-4F82-B3FD-8F110869EFA3}.Debug|Any CPU.Build.0 = Debug|Any CPU
		{E12A4772-DA68-4F82-B3FD-8F110869EFA3}.Debug|ARM.ActiveCfg = Debug|Any CPU
		{E12A4772-DA68-4F82-B3FD-8F110869EFA3}.Debug|ARM.Build.0 = Debug|Any CPU
		{E12A4772-DA68-4F82-B3FD-8F110869EFA3}.Debug|ARM64.ActiveCfg = Debug|Any CPU
		{E12A4772-DA68-4F82-B3FD-8F110869EFA3}.Debug|ARM64.Build.0 = Debug|Any CPU
		{E12A4772-DA68-4F82-B3FD-8F110869EFA3}.Debug|x64.ActiveCfg = Debug|Any CPU
		{E12A4772-DA68-4F82-B3FD-8F110869EFA3}.Debug|x64.Build.0 = Debug|Any CPU
		{E12A4772-DA68-4F82-B3FD-8F110869EFA3}.Debug|x86.ActiveCfg = Debug|Any CPU
		{E12A4772-DA68-4F82-B3FD-8F110869EFA3}.Debug|x86.Build.0 = Debug|Any CPU
		{E12A4772-DA68-4F82-B3FD-8F110869EFA3}.Release|Any CPU.ActiveCfg = Release|Any CPU
		{E12A4772-DA68-4F82-B3FD-8F110869EFA3}.Release|Any CPU.Build.0 = Release|Any CPU
		{E12A4772-DA68-4F82-B3FD-8F110869EFA3}.Release|ARM.ActiveCfg = Release|Any CPU
		{E12A4772-DA68-4F82-B3FD-8F110869EFA3}.Release|ARM.Build.0 = Release|Any CPU
		{E12A4772-DA68-4F82-B3FD-8F110869EFA3}.Release|ARM64.ActiveCfg = Release|Any CPU
		{E12A4772-DA68-4F82-B3FD-8F110869EFA3}.Release|ARM64.Build.0 = Release|Any CPU
		{E12A4772-DA68-4F82-B3FD-8F110869EFA3}.Release|x64.ActiveCfg = Release|Any CPU
		{E12A4772-DA68-4F82-B3FD-8F110869EFA3}.Release|x64.Build.0 = Release|Any CPU
		{E12A4772-DA68-4F82-B3FD-8F110869EFA3}.Release|x86.ActiveCfg = Release|Any CPU
		{E12A4772-DA68-4F82-B3FD-8F110869EFA3}.Release|x86.Build.0 = Release|Any CPU
	EndGlobalSection
	GlobalSection(SolutionProperties) = preSolution
		HideSolutionNode = FALSE
	EndGlobalSection
	GlobalSection(NestedProjects) = preSolution
		{74D6986D-A956-41CE-B234-17785DFC3A58} = {9B195C7D-8F2C-4A15-BE59-EFDE97226728}
		{86647310-2DE2-4342-A4D3-BE459B376B6A} = {9B195C7D-8F2C-4A15-BE59-EFDE97226728}
		{E12A4772-DA68-4F82-B3FD-8F110869EFA3} = {9B195C7D-8F2C-4A15-BE59-EFDE97226728}
	EndGlobalSection
	GlobalSection(ExtensibilityGlobals) = postSolution
		SolutionGuid = {7C3CEA73-1623-4D88-B940-8AB0C003170A}
	EndGlobalSection
EndGlobal
