
Microsoft Visual Studio Solution File, Format Version 12.00
# Visual Studio Version 17
VisualStudioVersion = 17.6.33829.357
MinimumVisualStudioVersion = 10.0.40219.1
Project("{9A19103F-16F7-4668-BE54-9A1E7A4F7556}") = "TestApp", "TestApp\TestApp.csproj", "{540BA7C4-DD9D-42A5-925B-7346D4FDF64C}"
EndProject
Project("{9A19103F-16F7-4668-BE54-9A1E7A4F7556}") = "Graphics", "Graphics\Graphics.csproj", "{149E13DE-43B4-4511-BA8B-2530D29C75C2}"
	ProjectSection(ProjectDependencies) = postProject
		{74D6986D-A956-41CE-B234-17785DFC3A58} = {74D6986D-A956-41CE-B234-17785DFC3A58}
	EndProjectSection
EndProject
Project("{2150E333-8FDC-42A3-9474-1A3956D46DE8}") = "Framework", "Framework", "{9B195C7D-8F2C-4A15-BE59-EFDE97226728}"
EndProject
Project("{8BC9CEB8-8B4A-11D0-8D11-00A0C91BC942}") = "EngineGL", "EngineGL\EngineGL.vcxproj", "{74D6986D-A956-41CE-B234-17785DFC3A58}"
EndProject
Project("{9A19103F-16F7-4668-BE54-9A1E7A4F7556}") = "MathS", "..\..\MathS\NumericsIntegrated\MathS\MathS.csproj", "{86647310-2DE2-4342-A4D3-BE459B376B6A}"
EndProject
Project("{9A19103F-16F7-4668-BE54-9A1E7A4F7556}") = "GL", "GL\GL.csproj", "{88E721F7-20F3-49D9-AE68-55C2A58085F8}"
EndProject
Project("{9A19103F-16F7-4668-BE54-9A1E7A4F7556}") = "Utilities", "Utilities\Utilities.csproj", "{BE0D285E-CB53-433A-B1BD-B7E891BE77AA}"
EndProject
Project("{9A19103F-16F7-4668-BE54-9A1E7A4F7556}") = "GLFW", "GLFW\GLFW.csproj", "{661FA92D-BF0C-4B92-9D49-1D3F21403489}"
EndProject
Project("{9A19103F-16F7-4668-BE54-9A1E7A4F7556}") = "Input", "Input\Input.csproj", "{C3D64938-9862-4449-9F7B-0A19B143108B}"
EndProject
Project("{9A19103F-16F7-4668-BE54-9A1E7A4F7556}") = "Windowing", "Windowing\Windowing.csproj", "{E04BD08F-147C-4431-8BB9-36B1C909A1C0}"
EndProject
Project("{FAE04EC0-301F-11D3-BF4B-00C04F79EFBC}") = "STBI", "STBI\STBI.csproj", "{DB055DEB-738D-49ED-8573-2B542DF7FE81}"
EndProject
Global
	GlobalSection(SolutionConfigurationPlatforms) = preSolution
		Debug|Any CPU = Debug|Any CPU
		Debug|ARM = Debug|ARM
		Debug|ARM64 = Debug|ARM64
		Debug|x64 = Debug|x64
		Debug|x86 = Debug|x86
		Release|Any CPU = Release|Any CPU
		Release|ARM = Release|ARM
		Release|ARM64 = Release|ARM64
		Release|x64 = Release|x64
		Release|x86 = Release|x86
	EndGlobalSection
	GlobalSection(ProjectConfigurationPlatforms) = postSolution
		{540BA7C4-DD9D-42A5-925B-7346D4FDF64C}.Debug|Any CPU.ActiveCfg = Debug|Any CPU
		{540BA7C4-DD9D-42A5-925B-7346D4FDF64C}.Debug|Any CPU.Build.0 = Debug|Any CPU
		{540BA7C4-DD9D-42A5-925B-7346D4FDF64C}.Debug|ARM.ActiveCfg = Debug|Any CPU
		{540BA7C4-DD9D-42A5-925B-7346D4FDF64C}.Debug|ARM.Build.0 = Debug|Any CPU
		{540BA7C4-DD9D-42A5-925B-7346D4FDF64C}.Debug|ARM64.ActiveCfg = Debug|Any CPU
		{540BA7C4-DD9D-42A5-925B-7346D4FDF64C}.Debug|ARM64.Build.0 = Debug|Any CPU
		{540BA7C4-DD9D-42A5-925B-7346D4FDF64C}.Debug|x64.ActiveCfg = Debug|Any CPU
		{540BA7C4-DD9D-42A5-925B-7346D4FDF64C}.Debug|x64.Build.0 = Debug|Any CPU
		{540BA7C4-DD9D-42A5-925B-7346D4FDF64C}.Debug|x86.ActiveCfg = Debug|Any CPU
		{540BA7C4-DD9D-42A5-925B-7346D4FDF64C}.Debug|x86.Build.0 = Debug|Any CPU
		{540BA7C4-DD9D-42A5-925B-7346D4FDF64C}.Release|Any CPU.ActiveCfg = Release|Any CPU
		{540BA7C4-DD9D-42A5-925B-7346D4FDF64C}.Release|Any CPU.Build.0 = Release|Any CPU
		{540BA7C4-DD9D-42A5-925B-7346D4FDF64C}.Release|ARM.ActiveCfg = Release|Any CPU
		{540BA7C4-DD9D-42A5-925B-7346D4FDF64C}.Release|ARM.Build.0 = Release|Any CPU
		{540BA7C4-DD9D-42A5-925B-7346D4FDF64C}.Release|ARM64.ActiveCfg = Release|Any CPU
		{540BA7C4-DD9D-42A5-925B-7346D4FDF64C}.Release|ARM64.Build.0 = Release|Any CPU
		{540BA7C4-DD9D-42A5-925B-7346D4FDF64C}.Release|x64.ActiveCfg = Release|Any CPU
		{540BA7C4-DD9D-42A5-925B-7346D4FDF64C}.Release|x64.Build.0 = Release|Any CPU
		{540BA7C4-DD9D-42A5-925B-7346D4FDF64C}.Release|x86.ActiveCfg = Release|Any CPU
		{540BA7C4-DD9D-42A5-925B-7346D4FDF64C}.Release|x86.Build.0 = Release|Any CPU
		{149E13DE-43B4-4511-BA8B-2530D29C75C2}.Debug|Any CPU.ActiveCfg = Debug|Any CPU
		{149E13DE-43B4-4511-BA8B-2530D29C75C2}.Debug|Any CPU.Build.0 = Debug|Any CPU
		{149E13DE-43B4-4511-BA8B-2530D29C75C2}.Debug|ARM.ActiveCfg = Debug|Any CPU
		{149E13DE-43B4-4511-BA8B-2530D29C75C2}.Debug|ARM.Build.0 = Debug|Any CPU
		{149E13DE-43B4-4511-BA8B-2530D29C75C2}.Debug|ARM64.ActiveCfg = Debug|Any CPU
		{149E13DE-43B4-4511-BA8B-2530D29C75C2}.Debug|ARM64.Build.0 = Debug|Any CPU
		{149E13DE-43B4-4511-BA8B-2530D29C75C2}.Debug|x64.ActiveCfg = Debug|Any CPU
		{149E13DE-43B4-4511-BA8B-2530D29C75C2}.Debug|x64.Build.0 = Debug|Any CPU
		{149E13DE-43B4-4511-BA8B-2530D29C75C2}.Debug|x86.ActiveCfg = Debug|Any CPU
		{149E13DE-43B4-4511-BA8B-2530D29C75C2}.Debug|x86.Build.0 = Debug|Any CPU
		{149E13DE-43B4-4511-BA8B-2530D29C75C2}.Release|Any CPU.ActiveCfg = Release|Any CPU
		{149E13DE-43B4-4511-BA8B-2530D29C75C2}.Release|Any CPU.Build.0 = Release|Any CPU
		{149E13DE-43B4-4511-BA8B-2530D29C75C2}.Release|ARM.ActiveCfg = Release|Any CPU
		{149E13DE-43B4-4511-BA8B-2530D29C75C2}.Release|ARM.Build.0 = Release|Any CPU
		{149E13DE-43B4-4511-BA8B-2530D29C75C2}.Release|ARM64.ActiveCfg = Release|Any CPU
		{149E13DE-43B4-4511-BA8B-2530D29C75C2}.Release|ARM64.Build.0 = Release|Any CPU
		{149E13DE-43B4-4511-BA8B-2530D29C75C2}.Release|x64.ActiveCfg = Release|Any CPU
		{149E13DE-43B4-4511-BA8B-2530D29C75C2}.Release|x64.Build.0 = Release|Any CPU
		{149E13DE-43B4-4511-BA8B-2530D29C75C2}.Release|x86.ActiveCfg = Release|Any CPU
		{149E13DE-43B4-4511-BA8B-2530D29C75C2}.Release|x86.Build.0 = Release|Any CPU
		{74D6986D-A956-41CE-B234-17785DFC3A58}.Debug|Any CPU.ActiveCfg = Debug|x64
		{74D6986D-A956-41CE-B234-17785DFC3A58}.Debug|Any CPU.Build.0 = Debug|x64
		{74D6986D-A956-41CE-B234-17785DFC3A58}.Debug|ARM.ActiveCfg = Debug|x64
		{74D6986D-A956-41CE-B234-17785DFC3A58}.Debug|ARM.Build.0 = Debug|x64
		{74D6986D-A956-41CE-B234-17785DFC3A58}.Debug|ARM64.ActiveCfg = Debug|x64
		{74D6986D-A956-41CE-B234-17785DFC3A58}.Debug|ARM64.Build.0 = Debug|x64
		{74D6986D-A956-41CE-B234-17785DFC3A58}.Debug|x64.ActiveCfg = Debug|x64
		{74D6986D-A956-41CE-B234-17785DFC3A58}.Debug|x64.Build.0 = Debug|x64
		{74D6986D-A956-41CE-B234-17785DFC3A58}.Debug|x86.ActiveCfg = Debug|Win32
		{74D6986D-A956-41CE-B234-17785DFC3A58}.Debug|x86.Build.0 = Debug|Win32
		{74D6986D-A956-41CE-B234-17785DFC3A58}.Release|Any CPU.ActiveCfg = Release|x64
		{74D6986D-A956-41CE-B234-17785DFC3A58}.Release|Any CPU.Build.0 = Release|x64
		{74D6986D-A956-41CE-B234-17785DFC3A58}.Release|ARM.ActiveCfg = Release|x64
		{74D6986D-A956-41CE-B234-17785DFC3A58}.Release|ARM.Build.0 = Release|x64
		{74D6986D-A956-41CE-B234-17785DFC3A58}.Release|ARM64.ActiveCfg = Release|x64
		{74D6986D-A956-41CE-B234-17785DFC3A58}.Release|ARM64.Build.0 = Release|x64
		{74D6986D-A956-41CE-B234-17785DFC3A58}.Release|x64.ActiveCfg = Release|x64
		{74D6986D-A956-41CE-B234-17785DFC3A58}.Release|x64.Build.0 = Release|x64
		{74D6986D-A956-41CE-B234-17785DFC3A58}.Release|x86.ActiveCfg = Release|Win32
		{74D6986D-A956-41CE-B234-17785DFC3A58}.Release|x86.Build.0 = Release|Win32
		{86647310-2DE2-4342-A4D3-BE459B376B6A}.Debug|Any CPU.ActiveCfg = Debug|Any CPU
		{86647310-2DE2-4342-A4D3-BE459B376B6A}.Debug|Any CPU.Build.0 = Debug|Any CPU
		{86647310-2DE2-4342-A4D3-BE459B376B6A}.Debug|ARM.ActiveCfg = Debug|Any CPU
		{86647310-2DE2-4342-A4D3-BE459B376B6A}.Debug|ARM.Build.0 = Debug|Any CPU
		{86647310-2DE2-4342-A4D3-BE459B376B6A}.Debug|ARM64.ActiveCfg = Debug|Any CPU
		{86647310-2DE2-4342-A4D3-BE459B376B6A}.Debug|ARM64.Build.0 = Debug|Any CPU
		{86647310-2DE2-4342-A4D3-BE459B376B6A}.Debug|x64.ActiveCfg = Debug|Any CPU
		{86647310-2DE2-4342-A4D3-BE459B376B6A}.Debug|x64.Build.0 = Debug|Any CPU
		{86647310-2DE2-4342-A4D3-BE459B376B6A}.Debug|x86.ActiveCfg = Debug|Any CPU
		{86647310-2DE2-4342-A4D3-BE459B376B6A}.Debug|x86.Build.0 = Debug|Any CPU
		{86647310-2DE2-4342-A4D3-BE459B376B6A}.Release|Any CPU.ActiveCfg = Release|Any CPU
		{86647310-2DE2-4342-A4D3-BE459B376B6A}.Release|Any CPU.Build.0 = Release|Any CPU
		{86647310-2DE2-4342-A4D3-BE459B376B6A}.Release|ARM.ActiveCfg = Release|Any CPU
		{86647310-2DE2-4342-A4D3-BE459B376B6A}.Release|ARM.Build.0 = Release|Any CPU
		{86647310-2DE2-4342-A4D3-BE459B376B6A}.Release|ARM64.ActiveCfg = Release|Any CPU
		{86647310-2DE2-4342-A4D3-BE459B376B6A}.Release|ARM64.Build.0 = Release|Any CPU
		{86647310-2DE2-4342-A4D3-BE459B376B6A}.Release|x64.ActiveCfg = Release|Any CPU
		{86647310-2DE2-4342-A4D3-BE459B376B6A}.Release|x64.Build.0 = Release|Any CPU
		{86647310-2DE2-4342-A4D3-BE459B376B6A}.Release|x86.ActiveCfg = Release|Any CPU
		{86647310-2DE2-4342-A4D3-BE459B376B6A}.Release|x86.Build.0 = Release|Any CPU
		{88E721F7-20F3-49D9-AE68-55C2A58085F8}.Debug|Any CPU.ActiveCfg = Debug|Any CPU
		{88E721F7-20F3-49D9-AE68-55C2A58085F8}.Debug|Any CPU.Build.0 = Debug|Any CPU
		{88E721F7-20F3-49D9-AE68-55C2A58085F8}.Debug|ARM.ActiveCfg = Debug|Any CPU
		{88E721F7-20F3-49D9-AE68-55C2A58085F8}.Debug|ARM.Build.0 = Debug|Any CPU
		{88E721F7-20F3-49D9-AE68-55C2A58085F8}.Debug|ARM64.ActiveCfg = Debug|Any CPU
		{88E721F7-20F3-49D9-AE68-55C2A58085F8}.Debug|ARM64.Build.0 = Debug|Any CPU
		{88E721F7-20F3-49D9-AE68-55C2A58085F8}.Debug|x64.ActiveCfg = Debug|Any CPU
		{88E721F7-20F3-49D9-AE68-55C2A58085F8}.Debug|x64.Build.0 = Debug|Any CPU
		{88E721F7-20F3-49D9-AE68-55C2A58085F8}.Debug|x86.ActiveCfg = Debug|Any CPU
		{88E721F7-20F3-49D9-AE68-55C2A58085F8}.Debug|x86.Build.0 = Debug|Any CPU
		{88E721F7-20F3-49D9-AE68-55C2A58085F8}.Release|Any CPU.ActiveCfg = Release|Any CPU
		{88E721F7-20F3-49D9-AE68-55C2A58085F8}.Release|Any CPU.Build.0 = Release|Any CPU
		{88E721F7-20F3-49D9-AE68-55C2A58085F8}.Release|ARM.ActiveCfg = Release|Any CPU
		{88E721F7-20F3-49D9-AE68-55C2A58085F8}.Release|ARM.Build.0 = Release|Any CPU
		{88E721F7-20F3-49D9-AE68-55C2A58085F8}.Release|ARM64.ActiveCfg = Release|Any CPU
		{88E721F7-20F3-49D9-AE68-55C2A58085F8}.Release|ARM64.Build.0 = Release|Any CPU
		{88E721F7-20F3-49D9-AE68-55C2A58085F8}.Release|x64.ActiveCfg = Release|Any CPU
		{88E721F7-20F3-49D9-AE68-55C2A58085F8}.Release|x64.Build.0 = Release|Any CPU
		{88E721F7-20F3-49D9-AE68-55C2A58085F8}.Release|x86.ActiveCfg = Release|Any CPU
		{88E721F7-20F3-49D9-AE68-55C2A58085F8}.Release|x86.Build.0 = Release|Any CPU
		{BE0D285E-CB53-433A-B1BD-B7E891BE77AA}.Debug|Any CPU.ActiveCfg = Debug|Any CPU
		{BE0D285E-CB53-433A-B1BD-B7E891BE77AA}.Debug|Any CPU.Build.0 = Debug|Any CPU
		{BE0D285E-CB53-433A-B1BD-B7E891BE77AA}.Debug|ARM.ActiveCfg = Debug|Any CPU
		{BE0D285E-CB53-433A-B1BD-B7E891BE77AA}.Debug|ARM.Build.0 = Debug|Any CPU
		{BE0D285E-CB53-433A-B1BD-B7E891BE77AA}.Debug|ARM64.ActiveCfg = Debug|Any CPU
		{BE0D285E-CB53-433A-B1BD-B7E891BE77AA}.Debug|ARM64.Build.0 = Debug|Any CPU
		{BE0D285E-CB53-433A-B1BD-B7E891BE77AA}.Debug|x64.ActiveCfg = Debug|Any CPU
		{BE0D285E-CB53-433A-B1BD-B7E891BE77AA}.Debug|x64.Build.0 = Debug|Any CPU
		{BE0D285E-CB53-433A-B1BD-B7E891BE77AA}.Debug|x86.ActiveCfg = Debug|Any CPU
		{BE0D285E-CB53-433A-B1BD-B7E891BE77AA}.Debug|x86.Build.0 = Debug|Any CPU
		{BE0D285E-CB53-433A-B1BD-B7E891BE77AA}.Release|Any CPU.ActiveCfg = Release|Any CPU
		{BE0D285E-CB53-433A-B1BD-B7E891BE77AA}.Release|Any CPU.Build.0 = Release|Any CPU
		{BE0D285E-CB53-433A-B1BD-B7E891BE77AA}.Release|ARM.ActiveCfg = Release|Any CPU
		{BE0D285E-CB53-433A-B1BD-B7E891BE77AA}.Release|ARM.Build.0 = Release|Any CPU
		{BE0D285E-CB53-433A-B1BD-B7E891BE77AA}.Release|ARM64.ActiveCfg = Release|Any CPU
		{BE0D285E-CB53-433A-B1BD-B7E891BE77AA}.Release|ARM64.Build.0 = Release|Any CPU
		{BE0D285E-CB53-433A-B1BD-B7E891BE77AA}.Release|x64.ActiveCfg = Release|Any CPU
		{BE0D285E-CB53-433A-B1BD-B7E891BE77AA}.Release|x64.Build.0 = Release|Any CPU
		{BE0D285E-CB53-433A-B1BD-B7E891BE77AA}.Release|x86.ActiveCfg = Release|Any CPU
		{BE0D285E-CB53-433A-B1BD-B7E891BE77AA}.Release|x86.Build.0 = Release|Any CPU
		{661FA92D-BF0C-4B92-9D49-1D3F21403489}.Debug|Any CPU.ActiveCfg = Debug|Any CPU
		{661FA92D-BF0C-4B92-9D49-1D3F21403489}.Debug|Any CPU.Build.0 = Debug|Any CPU
		{661FA92D-BF0C-4B92-9D49-1D3F21403489}.Debug|ARM.ActiveCfg = Debug|Any CPU
		{661FA92D-BF0C-4B92-9D49-1D3F21403489}.Debug|ARM.Build.0 = Debug|Any CPU
		{661FA92D-BF0C-4B92-9D49-1D3F21403489}.Debug|ARM64.ActiveCfg = Debug|Any CPU
		{661FA92D-BF0C-4B92-9D49-1D3F21403489}.Debug|ARM64.Build.0 = Debug|Any CPU
		{661FA92D-BF0C-4B92-9D49-1D3F21403489}.Debug|x64.ActiveCfg = Debug|Any CPU
		{661FA92D-BF0C-4B92-9D49-1D3F21403489}.Debug|x64.Build.0 = Debug|Any CPU
		{661FA92D-BF0C-4B92-9D49-1D3F21403489}.Debug|x86.ActiveCfg = Debug|Any CPU
		{661FA92D-BF0C-4B92-9D49-1D3F21403489}.Debug|x86.Build.0 = Debug|Any CPU
		{661FA92D-BF0C-4B92-9D49-1D3F21403489}.Release|Any CPU.ActiveCfg = Release|Any CPU
		{661FA92D-BF0C-4B92-9D49-1D3F21403489}.Release|Any CPU.Build.0 = Release|Any CPU
		{661FA92D-BF0C-4B92-9D49-1D3F21403489}.Release|ARM.ActiveCfg = Release|Any CPU
		{661FA92D-BF0C-4B92-9D49-1D3F21403489}.Release|ARM.Build.0 = Release|Any CPU
		{661FA92D-BF0C-4B92-9D49-1D3F21403489}.Release|ARM64.ActiveCfg = Release|Any CPU
		{661FA92D-BF0C-4B92-9D49-1D3F21403489}.Release|ARM64.Build.0 = Release|Any CPU
		{661FA92D-BF0C-4B92-9D49-1D3F21403489}.Release|x64.ActiveCfg = Release|Any CPU
		{661FA92D-BF0C-4B92-9D49-1D3F21403489}.Release|x64.Build.0 = Release|Any CPU
		{661FA92D-BF0C-4B92-9D49-1D3F21403489}.Release|x86.ActiveCfg = Release|Any CPU
		{661FA92D-BF0C-4B92-9D49-1D3F21403489}.Release|x86.Build.0 = Release|Any CPU
		{C3D64938-9862-4449-9F7B-0A19B143108B}.Debug|Any CPU.ActiveCfg = Debug|Any CPU
		{C3D64938-9862-4449-9F7B-0A19B143108B}.Debug|Any CPU.Build.0 = Debug|Any CPU
		{C3D64938-9862-4449-9F7B-0A19B143108B}.Debug|ARM.ActiveCfg = Debug|Any CPU
		{C3D64938-9862-4449-9F7B-0A19B143108B}.Debug|ARM.Build.0 = Debug|Any CPU
		{C3D64938-9862-4449-9F7B-0A19B143108B}.Debug|ARM64.ActiveCfg = Debug|Any CPU
		{C3D64938-9862-4449-9F7B-0A19B143108B}.Debug|ARM64.Build.0 = Debug|Any CPU
		{C3D64938-9862-4449-9F7B-0A19B143108B}.Debug|x64.ActiveCfg = Debug|Any CPU
		{C3D64938-9862-4449-9F7B-0A19B143108B}.Debug|x64.Build.0 = Debug|Any CPU
		{C3D64938-9862-4449-9F7B-0A19B143108B}.Debug|x86.ActiveCfg = Debug|Any CPU
		{C3D64938-9862-4449-9F7B-0A19B143108B}.Debug|x86.Build.0 = Debug|Any CPU
		{C3D64938-9862-4449-9F7B-0A19B143108B}.Release|Any CPU.ActiveCfg = Release|Any CPU
		{C3D64938-9862-4449-9F7B-0A19B143108B}.Release|Any CPU.Build.0 = Release|Any CPU
		{C3D64938-9862-4449-9F7B-0A19B143108B}.Release|ARM.ActiveCfg = Release|Any CPU
		{C3D64938-9862-4449-9F7B-0A19B143108B}.Release|ARM.Build.0 = Release|Any CPU
		{C3D64938-9862-4449-9F7B-0A19B143108B}.Release|ARM64.ActiveCfg = Release|Any CPU
		{C3D64938-9862-4449-9F7B-0A19B143108B}.Release|ARM64.Build.0 = Release|Any CPU
		{C3D64938-9862-4449-9F7B-0A19B143108B}.Release|x64.ActiveCfg = Release|Any CPU
		{C3D64938-9862-4449-9F7B-0A19B143108B}.Release|x64.Build.0 = Release|Any CPU
		{C3D64938-9862-4449-9F7B-0A19B143108B}.Release|x86.ActiveCfg = Release|Any CPU
		{C3D64938-9862-4449-9F7B-0A19B143108B}.Release|x86.Build.0 = Release|Any CPU
		{E04BD08F-147C-4431-8BB9-36B1C909A1C0}.Debug|Any CPU.ActiveCfg = Debug|Any CPU
		{E04BD08F-147C-4431-8BB9-36B1C909A1C0}.Debug|Any CPU.Build.0 = Debug|Any CPU
		{E04BD08F-147C-4431-8BB9-36B1C909A1C0}.Debug|ARM.ActiveCfg = Debug|Any CPU
		{E04BD08F-147C-4431-8BB9-36B1C909A1C0}.Debug|ARM.Build.0 = Debug|Any CPU
		{E04BD08F-147C-4431-8BB9-36B1C909A1C0}.Debug|ARM64.ActiveCfg = Debug|Any CPU
		{E04BD08F-147C-4431-8BB9-36B1C909A1C0}.Debug|ARM64.Build.0 = Debug|Any CPU
		{E04BD08F-147C-4431-8BB9-36B1C909A1C0}.Debug|x64.ActiveCfg = Debug|Any CPU
		{E04BD08F-147C-4431-8BB9-36B1C909A1C0}.Debug|x64.Build.0 = Debug|Any CPU
		{E04BD08F-147C-4431-8BB9-36B1C909A1C0}.Debug|x86.ActiveCfg = Debug|Any CPU
		{E04BD08F-147C-4431-8BB9-36B1C909A1C0}.Debug|x86.Build.0 = Debug|Any CPU
		{E04BD08F-147C-4431-8BB9-36B1C909A1C0}.Release|Any CPU.ActiveCfg = Release|Any CPU
		{E04BD08F-147C-4431-8BB9-36B1C909A1C0}.Release|Any CPU.Build.0 = Release|Any CPU
		{E04BD08F-147C-4431-8BB9-36B1C909A1C0}.Release|ARM.ActiveCfg = Release|Any CPU
		{E04BD08F-147C-4431-8BB9-36B1C909A1C0}.Release|ARM.Build.0 = Release|Any CPU
		{E04BD08F-147C-4431-8BB9-36B1C909A1C0}.Release|ARM64.ActiveCfg = Release|Any CPU
		{E04BD08F-147C-4431-8BB9-36B1C909A1C0}.Release|ARM64.Build.0 = Release|Any CPU
		{E04BD08F-147C-4431-8BB9-36B1C909A1C0}.Release|x64.ActiveCfg = Release|Any CPU
		{E04BD08F-147C-4431-8BB9-36B1C909A1C0}.Release|x64.Build.0 = Release|Any CPU
		{E04BD08F-147C-4431-8BB9-36B1C909A1C0}.Release|x86.ActiveCfg = Release|Any CPU
		{E04BD08F-147C-4431-8BB9-36B1C909A1C0}.Release|x86.Build.0 = Release|Any CPU
		{DB055DEB-738D-49ED-8573-2B542DF7FE81}.Debug|Any CPU.ActiveCfg = Debug|Any CPU
		{DB055DEB-738D-49ED-8573-2B542DF7FE81}.Debug|Any CPU.Build.0 = Debug|Any CPU
		{DB055DEB-738D-49ED-8573-2B542DF7FE81}.Debug|ARM.ActiveCfg = Debug|Any CPU
		{DB055DEB-738D-49ED-8573-2B542DF7FE81}.Debug|ARM.Build.0 = Debug|Any CPU
		{DB055DEB-738D-49ED-8573-2B542DF7FE81}.Debug|ARM64.ActiveCfg = Debug|Any CPU
		{DB055DEB-738D-49ED-8573-2B542DF7FE81}.Debug|ARM64.Build.0 = Debug|Any CPU
		{DB055DEB-738D-49ED-8573-2B542DF7FE81}.Debug|x64.ActiveCfg = Debug|Any CPU
		{DB055DEB-738D-49ED-8573-2B542DF7FE81}.Debug|x64.Build.0 = Debug|Any CPU
		{DB055DEB-738D-49ED-8573-2B542DF7FE81}.Debug|x86.ActiveCfg = Debug|Any CPU
		{DB055DEB-738D-49ED-8573-2B542DF7FE81}.Debug|x86.Build.0 = Debug|Any CPU
		{DB055DEB-738D-49ED-8573-2B542DF7FE81}.Release|Any CPU.ActiveCfg = Release|Any CPU
		{DB055DEB-738D-49ED-8573-2B542DF7FE81}.Release|Any CPU.Build.0 = Release|Any CPU
		{DB055DEB-738D-49ED-8573-2B542DF7FE81}.Release|ARM.ActiveCfg = Release|Any CPU
		{DB055DEB-738D-49ED-8573-2B542DF7FE81}.Release|ARM.Build.0 = Release|Any CPU
		{DB055DEB-738D-49ED-8573-2B542DF7FE81}.Release|ARM64.ActiveCfg = Release|Any CPU
		{DB055DEB-738D-49ED-8573-2B542DF7FE81}.Release|ARM64.Build.0 = Release|Any CPU
		{DB055DEB-738D-49ED-8573-2B542DF7FE81}.Release|x64.ActiveCfg = Release|Any CPU
		{DB055DEB-738D-49ED-8573-2B542DF7FE81}.Release|x64.Build.0 = Release|Any CPU
		{DB055DEB-738D-49ED-8573-2B542DF7FE81}.Release|x86.ActiveCfg = Release|Any CPU
		{DB055DEB-738D-49ED-8573-2B542DF7FE81}.Release|x86.Build.0 = Release|Any CPU
	EndGlobalSection
	GlobalSection(SolutionProperties) = preSolution
		HideSolutionNode = FALSE
	EndGlobalSection
	GlobalSection(NestedProjects) = preSolution
		{149E13DE-43B4-4511-BA8B-2530D29C75C2} = {9B195C7D-8F2C-4A15-BE59-EFDE97226728}
		{74D6986D-A956-41CE-B234-17785DFC3A58} = {9B195C7D-8F2C-4A15-BE59-EFDE97226728}
		{86647310-2DE2-4342-A4D3-BE459B376B6A} = {9B195C7D-8F2C-4A15-BE59-EFDE97226728}
		{88E721F7-20F3-49D9-AE68-55C2A58085F8} = {9B195C7D-8F2C-4A15-BE59-EFDE97226728}
		{BE0D285E-CB53-433A-B1BD-B7E891BE77AA} = {9B195C7D-8F2C-4A15-BE59-EFDE97226728}
		{661FA92D-BF0C-4B92-9D49-1D3F21403489} = {9B195C7D-8F2C-4A15-BE59-EFDE97226728}
		{C3D64938-9862-4449-9F7B-0A19B143108B} = {9B195C7D-8F2C-4A15-BE59-EFDE97226728}
		{E04BD08F-147C-4431-8BB9-36B1C909A1C0} = {9B195C7D-8F2C-4A15-BE59-EFDE97226728}
		{DB055DEB-738D-49ED-8573-2B542DF7FE81} = {9B195C7D-8F2C-4A15-BE59-EFDE97226728}
	EndGlobalSection
	GlobalSection(ExtensibilityGlobals) = postSolution
		SolutionGuid = {7C3CEA73-1623-4D88-B940-8AB0C003170A}
	EndGlobalSection
EndGlobal
